{
  "originHash" : "39f5b59958705ecfca6b100f128cfbb91edb2dab4a595725e4678c0627344a2a",
  "pins" : [
    {
      "identity" : "down-gfm",
      "kind" : "remoteSourceControl",
      "location" : "https://github.com/stackotter/Down-gfm",
      "state" : {
        "branch" : "main",
        "revision" : "92ae697447a7b20ae00d0ccdeea3961627eda1c0"
      }
    }
  ],
  "version" : 3
}
